
Microsoft Visual Studio Solution File, Format Version 12.00
# Visual Studio Version 16
VisualStudioVersion = 16.0.31702.278
MinimumVisualStudioVersion = 10.0.40219.1
Project("{FAE04EC0-301F-11D3-BF4B-00C04F79EFBC}") = "Server", "Server.csproj", "{35C47AFB-73B0-45C5-BD4E-155383D58594}"
EndProject
Project("{FAE04EC0-301F-11D3-BF4B-00C04F79EFBC}") = "Client", "..\Client\Client.csproj", "{FA8E4A08-052B-4700-AC14-E5FBF91D18A7}"
EndProject
Global
	GlobalSection(SolutionConfigurationPlatforms) = preSolution
		Debug|Any CPU = Debug|Any CPU
		Release|Any CPU = Release|Any CPU
	EndGlobalSection
	GlobalSection(ProjectConfigurationPlatforms) = postSolution
		{35C47AFB-73B0-45C5-BD4E-155383D58594}.Debug|Any CPU.ActiveCfg = Debug|Any CPU
		{35C47AFB-73B0-45C5-BD4E-155383D58594}.Debug|Any CPU.Build.0 = Debug|Any CPU
		{35C47AFB-73B0-45C5-BD4E-155383D58594}.Release|Any CPU.ActiveCfg = Release|Any CPU
		{35C47AFB-73B0-45C5-BD4E-155383D58594}.Release|Any CPU.Build.0 = Release|Any CPU
		{FA8E4A08-052B-4700-AC14-E5FBF91D18A7}.Debug|Any CPU.ActiveCfg = Debug|Any CPU
		{FA8E4A08-052B-4700-AC14-E5FBF91D18A7}.Debug|Any CPU.Build.0 = Debug|Any CPU
		{FA8E4A08-052B-4700-AC14-E5FBF91D18A7}.Release|Any CPU.ActiveCfg = Release|Any CPU
		{FA8E4A08-052B-4700-AC14-E5FBF91D18A7}.Release|Any CPU.Build.0 = Release|Any CPU
	EndGlobalSection
	GlobalSection(SolutionProperties) = preSolution
		HideSolutionNode = FALSE
	EndGlobalSection
	GlobalSection(ExtensibilityGlobals) = postSolution
		SolutionGuid = {38464983-58D2-44C0-ADFB-B1DDEEA5A52E}
	EndGlobalSection
EndGlobal
