
Microsoft Visual Studio Solution File, Format Version 12.00
# Visual Studio Version 16
VisualStudioVersion = 16.0.31702.278
MinimumVisualStudioVersion = 10.0.40219.1
Project("{FAE04EC0-301F-11D3-BF4B-00C04F79EFBC}") = "2_Multithread_web_server", "2_Multithread_web_server.csproj", "{8A75F721-70ED-40A3-8964-5F7229F1BA3C}"
EndProject
Global
	GlobalSection(SolutionConfigurationPlatforms) = preSolution
		Debug|Any CPU = Debug|Any CPU
		Release|Any CPU = Release|Any CPU
	EndGlobalSection
	GlobalSection(ProjectConfigurationPlatforms) = postSolution
		{8A75F721-70ED-40A3-8964-5F7229F1BA3C}.Debug|Any CPU.ActiveCfg = Debug|Any CPU
		{8A75F721-70ED-40A3-8964-5F7229F1BA3C}.Debug|Any CPU.Build.0 = Debug|Any CPU
		{8A75F721-70ED-40A3-8964-5F7229F1BA3C}.Release|Any CPU.ActiveCfg = Release|Any CPU
		{8A75F721-70ED-40A3-8964-5F7229F1BA3C}.Release|Any CPU.Build.0 = Release|Any CPU
	EndGlobalSection
	GlobalSection(SolutionProperties) = preSolution
		HideSolutionNode = FALSE
	EndGlobalSection
	GlobalSection(ExtensibilityGlobals) = postSolution
		SolutionGuid = {CAF84043-CAC4-4B29-B8E7-45A8202B4496}
	EndGlobalSection
EndGlobal
